// !$*UTF8*$!
{
	archiveVersion = 1;
	classes = {
	};
	objectVersion = 51;
	objects = {

/* Begin PBXBuildFile section */
		5D01C9077FFDDC274D6FD9A7 /* Pods_Fresh_Connect_Fresh_ConnectUITests.framework in Frameworks */ = {isa = PBXBuildFile; fileRef = CDCC42233FD634E45F1C9EA1 /* Pods_Fresh_Connect_Fresh_ConnectUITests.framework */; };
		5E50524655BC8A847E3AA71E /* Pods_Fresh_ConnectTests.framework in Frameworks */ = {isa = PBXBuildFile; fileRef = 9D7EF42B40E9EA207A3EEC3D /* Pods_Fresh_ConnectTests.framework */; };
		F80F145A8BBDC95A32DC852F /* Pods_Fresh_Connect.framework in Frameworks */ = {isa = PBXBuildFile; fileRef = 5383A3FBD25636F4065DC8FC /* Pods_Fresh_Connect.framework */; };
		FA9122CB268C5329004D6E77 /* HTBodyfat_SDK.a in Frameworks */ = {isa = PBXBuildFile; fileRef = FA9122C9268C5329004D6E77 /* HTBodyfat_SDK.a */; };
		FA9122D1268C5AF6004D6E77 /* HTBodyfat_NewSDK.m in Sources */ = {isa = PBXBuildFile; fileRef = FA9122D0268C5AF6004D6E77 /* HTBodyfat_NewSDK.m */; };
		FA9122D5268C6930004D6E77 /* ListDevicesViewController.swift in Sources */ = {isa = PBXBuildFile; fileRef = FA9122D3268C6930004D6E77 /* ListDevicesViewController.swift */; };
		FA9122D6268C6930004D6E77 /* ListDevicesViewController.xib in Resources */ = {isa = PBXBuildFile; fileRef = FA9122D4268C6930004D6E77 /* ListDevicesViewController.xib */; };
		FA9122E0268C6B2A004D6E77 /* BaseTableViewCell.swift in Sources */ = {isa = PBXBuildFile; fileRef = FA9122DE268C6B2A004D6E77 /* BaseTableViewCell.swift */; };
		FA9122E1268C6B2A004D6E77 /* BaseCollectionViewCell.swift in Sources */ = {isa = PBXBuildFile; fileRef = FA9122DF268C6B2A004D6E77 /* BaseCollectionViewCell.swift */; };
		FA9122E4268C6BFC004D6E77 /* ListDevicesTableViewCell.swift in Sources */ = {isa = PBXBuildFile; fileRef = FA9122E2268C6BFC004D6E77 /* ListDevicesTableViewCell.swift */; };
		FA9122E5268C6BFC004D6E77 /* ListDevicesTableViewCell.xib in Resources */ = {isa = PBXBuildFile; fileRef = FA9122E3268C6BFC004D6E77 /* ListDevicesTableViewCell.xib */; };
		FA9122E8268C6CF4004D6E77 /* UIViewExtension.swift in Sources */ = {isa = PBXBuildFile; fileRef = FA9122E7268C6CF4004D6E77 /* UIViewExtension.swift */; };
		FA9122EA268C6D7A004D6E77 /* DeviceModel.swift in Sources */ = {isa = PBXBuildFile; fileRef = FA9122E9268C6D7A004D6E77 /* DeviceModel.swift */; };
		FA9122ED268C708A004D6E77 /* MeasuringViewController.swift in Sources */ = {isa = PBXBuildFile; fileRef = FA9122EB268C708A004D6E77 /* MeasuringViewController.swift */; };
		FA9122EE268C708A004D6E77 /* MeasuringViewController.xib in Resources */ = {isa = PBXBuildFile; fileRef = FA9122EC268C708A004D6E77 /* MeasuringViewController.xib */; };
		FAAA7A11268C13D500F4EEE8 /* AppDelegate.swift in Sources */ = {isa = PBXBuildFile; fileRef = FAAA7A10268C13D500F4EEE8 /* AppDelegate.swift */; };
		FAAA7A13268C13D500F4EEE8 /* SceneDelegate.swift in Sources */ = {isa = PBXBuildFile; fileRef = FAAA7A12268C13D500F4EEE8 /* SceneDelegate.swift */; };
		FAAA7A15268C13D500F4EEE8 /* ViewController.swift in Sources */ = {isa = PBXBuildFile; fileRef = FAAA7A14268C13D500F4EEE8 /* ViewController.swift */; };
		FAAA7A18268C13D500F4EEE8 /* Main.storyboard in Resources */ = {isa = PBXBuildFile; fileRef = FAAA7A16268C13D500F4EEE8 /* Main.storyboard */; };
		FAAA7A1B268C13D500F4EEE8 /* Fresh_Connect.xcdatamodeld in Sources */ = {isa = PBXBuildFile; fileRef = FAAA7A19268C13D500F4EEE8 /* Fresh_Connect.xcdatamodeld */; };
		FAAA7A1D268C13D800F4EEE8 /* Assets.xcassets in Resources */ = {isa = PBXBuildFile; fileRef = FAAA7A1C268C13D800F4EEE8 /* Assets.xcassets */; };
		FAAA7A20268C13D800F4EEE8 /* LaunchScreen.storyboard in Resources */ = {isa = PBXBuildFile; fileRef = FAAA7A1E268C13D800F4EEE8 /* LaunchScreen.storyboard */; };
		FAAA7A2B268C13D800F4EEE8 /* Fresh_ConnectTests.swift in Sources */ = {isa = PBXBuildFile; fileRef = FAAA7A2A268C13D800F4EEE8 /* Fresh_ConnectTests.swift */; };
		FAAA7A36268C13D800F4EEE8 /* Fresh_ConnectUITests.swift in Sources */ = {isa = PBXBuildFile; fileRef = FAAA7A35268C13D800F4EEE8 /* Fresh_ConnectUITests.swift */; };
		FAAA7A45268C289D00F4EEE8 /* MeasuringModel.swift in Sources */ = {isa = PBXBuildFile; fileRef = FAAA7A44268C289D00F4EEE8 /* MeasuringModel.swift */; };
		FABA09AB268D5A7D00CE318C /* StringExtension.swift in Sources */ = {isa = PBXBuildFile; fileRef = FABA09AA268D5A7D00CE318C /* StringExtension.swift */; };
		FABA09AE268D954000CE318C /* AppInfo.swift in Sources */ = {isa = PBXBuildFile; fileRef = FABA09AD268D954000CE318C /* AppInfo.swift */; };
		FABA09B0268D95E300CE318C /* MyDeviceModel.swift in Sources */ = {isa = PBXBuildFile; fileRef = FABA09AF268D95E300CE318C /* MyDeviceModel.swift */; };
		FABA09B6268DA50A00CE318C /* MyDevicesCollectionViewCell.swift in Sources */ = {isa = PBXBuildFile; fileRef = FABA09B4268DA50A00CE318C /* MyDevicesCollectionViewCell.swift */; };
		FABA09B7268DA50A00CE318C /* MyDevicesCollectionViewCell.xib in Resources */ = {isa = PBXBuildFile; fileRef = FABA09B5268DA50A00CE318C /* MyDevicesCollectionViewCell.xib */; };
		FABA09B9268DBE7B00CE318C /* ExtensionUIViewController.swift in Sources */ = {isa = PBXBuildFile; fileRef = FABA09B8268DBE7B00CE318C /* ExtensionUIViewController.swift */; };
		FAC7A5E9268EA92600075997 /* ExtensionUIColor.swift in Sources */ = {isa = PBXBuildFile; fileRef = FAC7A5E8268EA92600075997 /* ExtensionUIColor.swift */; };
		FAC7A5EB268EAA0F00075997 /* Helper.swift in Sources */ = {isa = PBXBuildFile; fileRef = FAC7A5EA268EAA0F00075997 /* Helper.swift */; };
		FAC7A5EE268EAAA900075997 /* BaseViewController.swift in Sources */ = {isa = PBXBuildFile; fileRef = FAC7A5ED268EAAA800075997 /* BaseViewController.swift */; };
/* End PBXBuildFile section */

/* Begin PBXContainerItemProxy section */
		FAAA7A27268C13D800F4EEE8 /* PBXContainerItemProxy */ = {
			isa = PBXContainerItemProxy;
			containerPortal = FAAA7A05268C13D500F4EEE8 /* Project object */;
			proxyType = 1;
			remoteGlobalIDString = FAAA7A0C268C13D500F4EEE8;
			remoteInfo = "Fresh Connect";
		};
		FAAA7A32268C13D800F4EEE8 /* PBXContainerItemProxy */ = {
			isa = PBXContainerItemProxy;
			containerPortal = FAAA7A05268C13D500F4EEE8 /* Project object */;
			proxyType = 1;
			remoteGlobalIDString = FAAA7A0C268C13D500F4EEE8;
			remoteInfo = "Fresh Connect";
		};
/* End PBXContainerItemProxy section */

/* Begin PBXFileReference section */
		5383A3FBD25636F4065DC8FC /* Pods_Fresh_Connect.framework */ = {isa = PBXFileReference; explicitFileType = wrapper.framework; includeInIndex = 0; path = Pods_Fresh_Connect.framework; sourceTree = BUILT_PRODUCTS_DIR; };
		5C1AB9CA03995CD0897B5074 /* Pods-Fresh Connect.release.xcconfig */ = {isa = PBXFileReference; includeInIndex = 1; lastKnownFileType = text.xcconfig; name = "Pods-Fresh Connect.release.xcconfig"; path = "Target Support Files/Pods-Fresh Connect/Pods-Fresh Connect.release.xcconfig"; sourceTree = "<group>"; };
		6E03D5278B76D2711C6F21B5 /* Pods-Fresh Connect-Fresh ConnectUITests.debug.xcconfig */ = {isa = PBXFileReference; includeInIndex = 1; lastKnownFileType = text.xcconfig; name = "Pods-Fresh Connect-Fresh ConnectUITests.debug.xcconfig"; path = "Target Support Files/Pods-Fresh Connect-Fresh ConnectUITests/Pods-Fresh Connect-Fresh ConnectUITests.debug.xcconfig"; sourceTree = "<group>"; };
		81BA8DBEEF369FBBDEFD51A8 /* Pods-Fresh ConnectTests.debug.xcconfig */ = {isa = PBXFileReference; includeInIndex = 1; lastKnownFileType = text.xcconfig; name = "Pods-Fresh ConnectTests.debug.xcconfig"; path = "Target Support Files/Pods-Fresh ConnectTests/Pods-Fresh ConnectTests.debug.xcconfig"; sourceTree = "<group>"; };
		9D7EF42B40E9EA207A3EEC3D /* Pods_Fresh_ConnectTests.framework */ = {isa = PBXFileReference; explicitFileType = wrapper.framework; includeInIndex = 0; path = Pods_Fresh_ConnectTests.framework; sourceTree = BUILT_PRODUCTS_DIR; };
		A4E360BC4541E95C5A34ABB8 /* Pods-Fresh ConnectTests.release.xcconfig */ = {isa = PBXFileReference; includeInIndex = 1; lastKnownFileType = text.xcconfig; name = "Pods-Fresh ConnectTests.release.xcconfig"; path = "Target Support Files/Pods-Fresh ConnectTests/Pods-Fresh ConnectTests.release.xcconfig"; sourceTree = "<group>"; };
		A66F7823AC3025C43FB7D1CF /* Pods-Fresh Connect.debug.xcconfig */ = {isa = PBXFileReference; includeInIndex = 1; lastKnownFileType = text.xcconfig; name = "Pods-Fresh Connect.debug.xcconfig"; path = "Target Support Files/Pods-Fresh Connect/Pods-Fresh Connect.debug.xcconfig"; sourceTree = "<group>"; };
		B75BD9312BB0C3D21CC704A7 /* Pods-Fresh Connect-Fresh ConnectUITests.release.xcconfig */ = {isa = PBXFileReference; includeInIndex = 1; lastKnownFileType = text.xcconfig; name = "Pods-Fresh Connect-Fresh ConnectUITests.release.xcconfig"; path = "Target Support Files/Pods-Fresh Connect-Fresh ConnectUITests/Pods-Fresh Connect-Fresh ConnectUITests.release.xcconfig"; sourceTree = "<group>"; };
		CDCC42233FD634E45F1C9EA1 /* Pods_Fresh_Connect_Fresh_ConnectUITests.framework */ = {isa = PBXFileReference; explicitFileType = wrapper.framework; includeInIndex = 0; path = Pods_Fresh_Connect_Fresh_ConnectUITests.framework; sourceTree = BUILT_PRODUCTS_DIR; };
		FA9122C9268C5329004D6E77 /* HTBodyfat_SDK.a */ = {isa = PBXFileReference; lastKnownFileType = archive.ar; path = HTBodyfat_SDK.a; sourceTree = "<group>"; };
		FA9122CE268C5AF5004D6E77 /* Fresh Connect-Bridging-Header.h */ = {isa = PBXFileReference; lastKnownFileType = sourcecode.c.h; path = "Fresh Connect-Bridging-Header.h"; sourceTree = "<group>"; };
		FA9122CF268C5AF5004D6E77 /* HTBodyfat_NewSDK.h */ = {isa = PBXFileReference; fileEncoding = 4; lastKnownFileType = sourcecode.c.h; path = HTBodyfat_NewSDK.h; sourceTree = "<group>"; };
		FA9122D0268C5AF6004D6E77 /* HTBodyfat_NewSDK.m */ = {isa = PBXFileReference; fileEncoding = 4; lastKnownFileType = sourcecode.c.objc; path = HTBodyfat_NewSDK.m; sourceTree = "<group>"; };
		FA9122D3268C6930004D6E77 /* ListDevicesViewController.swift */ = {isa = PBXFileReference; lastKnownFileType = sourcecode.swift; path = ListDevicesViewController.swift; sourceTree = "<group>"; };
		FA9122D4268C6930004D6E77 /* ListDevicesViewController.xib */ = {isa = PBXFileReference; lastKnownFileType = file.xib; path = ListDevicesViewController.xib; sourceTree = "<group>"; };
		FA9122DC268C6A48004D6E77 /* HTBodyfat_SDK.h */ = {isa = PBXFileReference; fileEncoding = 4; lastKnownFileType = sourcecode.c.h; path = HTBodyfat_SDK.h; sourceTree = "<group>"; };
		FA9122DE268C6B2A004D6E77 /* BaseTableViewCell.swift */ = {isa = PBXFileReference; fileEncoding = 4; lastKnownFileType = sourcecode.swift; path = BaseTableViewCell.swift; sourceTree = "<group>"; };
		FA9122DF268C6B2A004D6E77 /* BaseCollectionViewCell.swift */ = {isa = PBXFileReference; fileEncoding = 4; lastKnownFileType = sourcecode.swift; path = BaseCollectionViewCell.swift; sourceTree = "<group>"; };
		FA9122E2268C6BFC004D6E77 /* ListDevicesTableViewCell.swift */ = {isa = PBXFileReference; lastKnownFileType = sourcecode.swift; path = ListDevicesTableViewCell.swift; sourceTree = "<group>"; };
		FA9122E3268C6BFC004D6E77 /* ListDevicesTableViewCell.xib */ = {isa = PBXFileReference; lastKnownFileType = file.xib; path = ListDevicesTableViewCell.xib; sourceTree = "<group>"; };
		FA9122E7268C6CF4004D6E77 /* UIViewExtension.swift */ = {isa = PBXFileReference; lastKnownFileType = sourcecode.swift; path = UIViewExtension.swift; sourceTree = "<group>"; };
		FA9122E9268C6D7A004D6E77 /* DeviceModel.swift */ = {isa = PBXFileReference; lastKnownFileType = sourcecode.swift; path = DeviceModel.swift; sourceTree = "<group>"; };
		FA9122EB268C708A004D6E77 /* MeasuringViewController.swift */ = {isa = PBXFileReference; lastKnownFileType = sourcecode.swift; path = MeasuringViewController.swift; sourceTree = "<group>"; };
		FA9122EC268C708A004D6E77 /* MeasuringViewController.xib */ = {isa = PBXFileReference; lastKnownFileType = file.xib; path = MeasuringViewController.xib; sourceTree = "<group>"; };
		FAAA7A0D268C13D500F4EEE8 /* Fresh Connect.app */ = {isa = PBXFileReference; explicitFileType = wrapper.application; includeInIndex = 0; path = "Fresh Connect.app"; sourceTree = BUILT_PRODUCTS_DIR; };
		FAAA7A10268C13D500F4EEE8 /* AppDelegate.swift */ = {isa = PBXFileReference; lastKnownFileType = sourcecode.swift; path = AppDelegate.swift; sourceTree = "<group>"; };
		FAAA7A12268C13D500F4EEE8 /* SceneDelegate.swift */ = {isa = PBXFileReference; lastKnownFileType = sourcecode.swift; path = SceneDelegate.swift; sourceTree = "<group>"; };
		FAAA7A14268C13D500F4EEE8 /* ViewController.swift */ = {isa = PBXFileReference; lastKnownFileType = sourcecode.swift; path = ViewController.swift; sourceTree = "<group>"; };
		FAAA7A17268C13D500F4EEE8 /* Base */ = {isa = PBXFileReference; lastKnownFileType = file.storyboard; name = Base; path = Base.lproj/Main.storyboard; sourceTree = "<group>"; };
		FAAA7A1A268C13D500F4EEE8 /* Fresh_Connect.xcdatamodel */ = {isa = PBXFileReference; lastKnownFileType = wrapper.xcdatamodel; path = Fresh_Connect.xcdatamodel; sourceTree = "<group>"; };
		FAAA7A1C268C13D800F4EEE8 /* Assets.xcassets */ = {isa = PBXFileReference; lastKnownFileType = folder.assetcatalog; path = Assets.xcassets; sourceTree = "<group>"; };
		FAAA7A1F268C13D800F4EEE8 /* Base */ = {isa = PBXFileReference; lastKnownFileType = file.storyboard; name = Base; path = Base.lproj/LaunchScreen.storyboard; sourceTree = "<group>"; };
		FAAA7A21268C13D800F4EEE8 /* Info.plist */ = {isa = PBXFileReference; lastKnownFileType = text.plist.xml; path = Info.plist; sourceTree = "<group>"; };
		FAAA7A26268C13D800F4EEE8 /* Fresh ConnectTests.xctest */ = {isa = PBXFileReference; explicitFileType = wrapper.cfbundle; includeInIndex = 0; path = "Fresh ConnectTests.xctest"; sourceTree = BUILT_PRODUCTS_DIR; };
		FAAA7A2A268C13D800F4EEE8 /* Fresh_ConnectTests.swift */ = {isa = PBXFileReference; lastKnownFileType = sourcecode.swift; path = Fresh_ConnectTests.swift; sourceTree = "<group>"; };
		FAAA7A2C268C13D800F4EEE8 /* Info.plist */ = {isa = PBXFileReference; lastKnownFileType = text.plist.xml; path = Info.plist; sourceTree = "<group>"; };
		FAAA7A31268C13D800F4EEE8 /* Fresh ConnectUITests.xctest */ = {isa = PBXFileReference; explicitFileType = wrapper.cfbundle; includeInIndex = 0; path = "Fresh ConnectUITests.xctest"; sourceTree = BUILT_PRODUCTS_DIR; };
		FAAA7A35268C13D800F4EEE8 /* Fresh_ConnectUITests.swift */ = {isa = PBXFileReference; lastKnownFileType = sourcecode.swift; path = Fresh_ConnectUITests.swift; sourceTree = "<group>"; };
		FAAA7A37268C13D800F4EEE8 /* Info.plist */ = {isa = PBXFileReference; lastKnownFileType = text.plist.xml; path = Info.plist; sourceTree = "<group>"; };
		FAAA7A44268C289D00F4EEE8 /* MeasuringModel.swift */ = {isa = PBXFileReference; lastKnownFileType = sourcecode.swift; path = MeasuringModel.swift; sourceTree = "<group>"; };
		FABA09AA268D5A7D00CE318C /* StringExtension.swift */ = {isa = PBXFileReference; fileEncoding = 4; lastKnownFileType = sourcecode.swift; path = StringExtension.swift; sourceTree = "<group>"; };
		FABA09AD268D954000CE318C /* AppInfo.swift */ = {isa = PBXFileReference; lastKnownFileType = sourcecode.swift; path = AppInfo.swift; sourceTree = "<group>"; };
		FABA09AF268D95E300CE318C /* MyDeviceModel.swift */ = {isa = PBXFileReference; lastKnownFileType = sourcecode.swift; path = MyDeviceModel.swift; sourceTree = "<group>"; };
		FABA09B4268DA50A00CE318C /* MyDevicesCollectionViewCell.swift */ = {isa = PBXFileReference; lastKnownFileType = sourcecode.swift; path = MyDevicesCollectionViewCell.swift; sourceTree = "<group>"; };
		FABA09B5268DA50A00CE318C /* MyDevicesCollectionViewCell.xib */ = {isa = PBXFileReference; lastKnownFileType = file.xib; path = MyDevicesCollectionViewCell.xib; sourceTree = "<group>"; };
		FABA09B8268DBE7B00CE318C /* ExtensionUIViewController.swift */ = {isa = PBXFileReference; lastKnownFileType = sourcecode.swift; path = ExtensionUIViewController.swift; sourceTree = "<group>"; };
		FAC7A5E8268EA92600075997 /* ExtensionUIColor.swift */ = {isa = PBXFileReference; lastKnownFileType = sourcecode.swift; path = ExtensionUIColor.swift; sourceTree = "<group>"; };
		FAC7A5EA268EAA0F00075997 /* Helper.swift */ = {isa = PBXFileReference; lastKnownFileType = sourcecode.swift; path = Helper.swift; sourceTree = "<group>"; };
		FAC7A5ED268EAAA800075997 /* BaseViewController.swift */ = {isa = PBXFileReference; lastKnownFileType = sourcecode.swift; path = BaseViewController.swift; sourceTree = "<group>"; };
/* End PBXFileReference section */

/* Begin PBXFrameworksBuildPhase section */
		FAAA7A0A268C13D500F4EEE8 /* Frameworks */ = {
			isa = PBXFrameworksBuildPhase;
			buildActionMask = 2147483647;
			files = (
				FA9122CB268C5329004D6E77 /* HTBodyfat_SDK.a in Frameworks */,
				F80F145A8BBDC95A32DC852F /* Pods_Fresh_Connect.framework in Frameworks */,
			);
			runOnlyForDeploymentPostprocessing = 0;
		};
		FAAA7A23268C13D800F4EEE8 /* Frameworks */ = {
			isa = PBXFrameworksBuildPhase;
			buildActionMask = 2147483647;
			files = (
				5E50524655BC8A847E3AA71E /* Pods_Fresh_ConnectTests.framework in Frameworks */,
			);
			runOnlyForDeploymentPostprocessing = 0;
		};
		FAAA7A2E268C13D800F4EEE8 /* Frameworks */ = {
			isa = PBXFrameworksBuildPhase;
			buildActionMask = 2147483647;
			files = (
				5D01C9077FFDDC274D6FD9A7 /* Pods_Fresh_Connect_Fresh_ConnectUITests.framework in Frameworks */,
			);
			runOnlyForDeploymentPostprocessing = 0;
		};
/* End PBXFrameworksBuildPhase section */

/* Begin PBXGroup section */
		0580D89A8056BCB3BB65900D /* Pods */ = {
			isa = PBXGroup;
			children = (
				A66F7823AC3025C43FB7D1CF /* Pods-Fresh Connect.debug.xcconfig */,
				5C1AB9CA03995CD0897B5074 /* Pods-Fresh Connect.release.xcconfig */,
				6E03D5278B76D2711C6F21B5 /* Pods-Fresh Connect-Fresh ConnectUITests.debug.xcconfig */,
				B75BD9312BB0C3D21CC704A7 /* Pods-Fresh Connect-Fresh ConnectUITests.release.xcconfig */,
				81BA8DBEEF369FBBDEFD51A8 /* Pods-Fresh ConnectTests.debug.xcconfig */,
				A4E360BC4541E95C5A34ABB8 /* Pods-Fresh ConnectTests.release.xcconfig */,
			);
			path = Pods;
			sourceTree = "<group>";
		};
		99AA655435DD9C07E1FFFC10 /* Frameworks */ = {
			isa = PBXGroup;
			children = (
				5383A3FBD25636F4065DC8FC /* Pods_Fresh_Connect.framework */,
				CDCC42233FD634E45F1C9EA1 /* Pods_Fresh_Connect_Fresh_ConnectUITests.framework */,
				9D7EF42B40E9EA207A3EEC3D /* Pods_Fresh_ConnectTests.framework */,
			);
			name = Frameworks;
			sourceTree = "<group>";
		};
		FA9122D2268C68F6004D6E77 /* Views+Controllers */ = {
			isa = PBXGroup;
			children = (
				FAC7A5EC268EAA9C00075997 /* Base */,
				FA9122D9268C6975004D6E77 /* Measuring */,
				FA9122D7268C6933004D6E77 /* ListDevices */,
			);
			path = "Views+Controllers";
			sourceTree = "<group>";
		};
		FA9122D7268C6933004D6E77 /* ListDevices */ = {
			isa = PBXGroup;
			children = (
				FABA09B1268DA4C100CE318C /* MyDevicesColleciontViewCell */,
				FAAA7A46268C296F00F4EEE8 /* ListDevicesTableViewCell */,
				FA9122D3268C6930004D6E77 /* ListDevicesViewController.swift */,
				FA9122D4268C6930004D6E77 /* ListDevicesViewController.xib */,
			);
			path = ListDevices;
			sourceTree = "<group>";
		};
		FA9122D9268C6975004D6E77 /* Measuring */ = {
			isa = PBXGroup;
			children = (
				FA9122EB268C708A004D6E77 /* MeasuringViewController.swift */,
				FA9122EC268C708A004D6E77 /* MeasuringViewController.xib */,
			);
			path = Measuring;
			sourceTree = "<group>";
		};
		FA9122DA268C69AC004D6E77 /* Base */ = {
			isa = PBXGroup;
			children = (
				FA9122E6268C6CD1004D6E77 /* Extension */,
				FA9122DB268C69B3004D6E77 /* Class */,
				FAAA7A4B268C470000F4EEE8 /* Helper */,
			);
			path = Base;
			sourceTree = "<group>";
		};
		FA9122DB268C69B3004D6E77 /* Class */ = {
			isa = PBXGroup;
			children = (
				FA9122DD268C6B2A004D6E77 /* Cell */,
			);
			path = Class;
			sourceTree = "<group>";
		};
		FA9122DD268C6B2A004D6E77 /* Cell */ = {
			isa = PBXGroup;
			children = (
				FA9122DE268C6B2A004D6E77 /* BaseTableViewCell.swift */,
				FA9122DF268C6B2A004D6E77 /* BaseCollectionViewCell.swift */,
			);
			path = Cell;
			sourceTree = "<group>";
		};
		FA9122E6268C6CD1004D6E77 /* Extension */ = {
			isa = PBXGroup;
			children = (
				FABA09AA268D5A7D00CE318C /* StringExtension.swift */,
				FA9122E7268C6CF4004D6E77 /* UIViewExtension.swift */,
				FABA09B8268DBE7B00CE318C /* ExtensionUIViewController.swift */,
				FAC7A5E8268EA92600075997 /* ExtensionUIColor.swift */,
			);
			path = Extension;
			sourceTree = "<group>";
		};
		FAAA7A04268C13D500F4EEE8 = {
			isa = PBXGroup;
			children = (
				FAAA7A0F268C13D500F4EEE8 /* Fresh Connect */,
				FAAA7A29268C13D800F4EEE8 /* Fresh ConnectTests */,
				FAAA7A34268C13D800F4EEE8 /* Fresh ConnectUITests */,
				FAAA7A0E268C13D500F4EEE8 /* Products */,
				0580D89A8056BCB3BB65900D /* Pods */,
				99AA655435DD9C07E1FFFC10 /* Frameworks */,
			);
			sourceTree = "<group>";
		};
		FAAA7A0E268C13D500F4EEE8 /* Products */ = {
			isa = PBXGroup;
			children = (
				FAAA7A0D268C13D500F4EEE8 /* Fresh Connect.app */,
				FAAA7A26268C13D800F4EEE8 /* Fresh ConnectTests.xctest */,
				FAAA7A31268C13D800F4EEE8 /* Fresh ConnectUITests.xctest */,
			);
			name = Products;
			sourceTree = "<group>";
		};
		FAAA7A0F268C13D500F4EEE8 /* Fresh Connect */ = {
			isa = PBXGroup;
			children = (
				FA9122DA268C69AC004D6E77 /* Base */,
				FAAA7A43268C284000F4EEE8 /* Model */,
				FA9122D2268C68F6004D6E77 /* Views+Controllers */,
				FAAA7A10268C13D500F4EEE8 /* AppDelegate.swift */,
				FAAA7A12268C13D500F4EEE8 /* SceneDelegate.swift */,
				FAAA7A14268C13D500F4EEE8 /* ViewController.swift */,
				FAAA7A16268C13D500F4EEE8 /* Main.storyboard */,
				FAAA7A1C268C13D800F4EEE8 /* Assets.xcassets */,
				FAAA7A1E268C13D800F4EEE8 /* LaunchScreen.storyboard */,
				FAAA7A21268C13D800F4EEE8 /* Info.plist */,
				FAAA7A19268C13D500F4EEE8 /* Fresh_Connect.xcdatamodeld */,
			);
			path = "Fresh Connect";
			sourceTree = "<group>";
		};
		FAAA7A29268C13D800F4EEE8 /* Fresh ConnectTests */ = {
			isa = PBXGroup;
			children = (
				FAAA7A2A268C13D800F4EEE8 /* Fresh_ConnectTests.swift */,
				FAAA7A2C268C13D800F4EEE8 /* Info.plist */,
			);
			path = "Fresh ConnectTests";
			sourceTree = "<group>";
		};
		FAAA7A34268C13D800F4EEE8 /* Fresh ConnectUITests */ = {
			isa = PBXGroup;
			children = (
				FAAA7A35268C13D800F4EEE8 /* Fresh_ConnectUITests.swift */,
				FAAA7A37268C13D800F4EEE8 /* Info.plist */,
			);
			path = "Fresh ConnectUITests";
			sourceTree = "<group>";
		};
		FAAA7A43268C284000F4EEE8 /* Model */ = {
			isa = PBXGroup;
			children = (
				FAAA7A44268C289D00F4EEE8 /* MeasuringModel.swift */,
				FA9122E9268C6D7A004D6E77 /* DeviceModel.swift */,
				FABA09AF268D95E300CE318C /* MyDeviceModel.swift */,
			);
			path = Model;
			sourceTree = "<group>";
		};
		FAAA7A46268C296F00F4EEE8 /* ListDevicesTableViewCell */ = {
			isa = PBXGroup;
			children = (
				FA9122E2268C6BFC004D6E77 /* ListDevicesTableViewCell.swift */,
				FA9122E3268C6BFC004D6E77 /* ListDevicesTableViewCell.xib */,
			);
			path = ListDevicesTableViewCell;
			sourceTree = "<group>";
		};
		FAAA7A4B268C470000F4EEE8 /* Helper */ = {
			isa = PBXGroup;
			children = (
				FABA09AC268D94F200CE318C /* Define */,
				FA9122DC268C6A48004D6E77 /* HTBodyfat_SDK.h */,
				FA9122CF268C5AF5004D6E77 /* HTBodyfat_NewSDK.h */,
				FA9122D0268C5AF6004D6E77 /* HTBodyfat_NewSDK.m */,
				FA9122C9268C5329004D6E77 /* HTBodyfat_SDK.a */,
				FA9122CE268C5AF5004D6E77 /* Fresh Connect-Bridging-Header.h */,
				FAC7A5EA268EAA0F00075997 /* Helper.swift */,
			);
			path = Helper;
			sourceTree = "<group>";
		};
		FABA09AC268D94F200CE318C /* Define */ = {
			isa = PBXGroup;
			children = (
				FABA09AD268D954000CE318C /* AppInfo.swift */,
			);
			path = Define;
			sourceTree = "<group>";
		};
		FABA09B1268DA4C100CE318C /* MyDevicesColleciontViewCell */ = {
			isa = PBXGroup;
			children = (
				FABA09B4268DA50A00CE318C /* MyDevicesCollectionViewCell.swift */,
				FABA09B5268DA50A00CE318C /* MyDevicesCollectionViewCell.xib */,
			);
			path = MyDevicesColleciontViewCell;
			sourceTree = "<group>";
		};
		FAC7A5EC268EAA9C00075997 /* Base */ = {
			isa = PBXGroup;
			children = (
				FAC7A5ED268EAAA800075997 /* BaseViewController.swift */,
			);
			path = Base;
			sourceTree = "<group>";
		};
/* End PBXGroup section */

/* Begin PBXNativeTarget section */
		FAAA7A0C268C13D500F4EEE8 /* Fresh Connect */ = {
			isa = PBXNativeTarget;
			buildConfigurationList = FAAA7A3A268C13D900F4EEE8 /* Build configuration list for PBXNativeTarget "Fresh Connect" */;
			buildPhases = (
				AA683176E8D00651AC52A53E /* [CP] Check Pods Manifest.lock */,
				FAAA7A09268C13D500F4EEE8 /* Sources */,
				FAAA7A0A268C13D500F4EEE8 /* Frameworks */,
				FAAA7A0B268C13D500F4EEE8 /* Resources */,
				93F5FB2DD757A34699FCC4EE /* [CP] Embed Pods Frameworks */,
			);
			buildRules = (
			);
			dependencies = (
			);
			name = "Fresh Connect";
			productName = "Fresh Connect";
			productReference = FAAA7A0D268C13D500F4EEE8 /* Fresh Connect.app */;
			productType = "com.apple.product-type.application";
		};
		FAAA7A25268C13D800F4EEE8 /* Fresh ConnectTests */ = {
			isa = PBXNativeTarget;
			buildConfigurationList = FAAA7A3D268C13D900F4EEE8 /* Build configuration list for PBXNativeTarget "Fresh ConnectTests" */;
			buildPhases = (
				FDAA509BABE7024220FCC877 /* [CP] Check Pods Manifest.lock */,
				FAAA7A22268C13D800F4EEE8 /* Sources */,
				FAAA7A23268C13D800F4EEE8 /* Frameworks */,
				FAAA7A24268C13D800F4EEE8 /* Resources */,
			);
			buildRules = (
			);
			dependencies = (
				FAAA7A28268C13D800F4EEE8 /* PBXTargetDependency */,
			);
			name = "Fresh ConnectTests";
			productName = "Fresh ConnectTests";
			productReference = FAAA7A26268C13D800F4EEE8 /* Fresh ConnectTests.xctest */;
			productType = "com.apple.product-type.bundle.unit-test";
		};
		FAAA7A30268C13D800F4EEE8 /* Fresh ConnectUITests */ = {
			isa = PBXNativeTarget;
			buildConfigurationList = FAAA7A40268C13D900F4EEE8 /* Build configuration list for PBXNativeTarget "Fresh ConnectUITests" */;
			buildPhases = (
				8FB9D3052E23697CB7D0A20C /* [CP] Check Pods Manifest.lock */,
				FAAA7A2D268C13D800F4EEE8 /* Sources */,
				FAAA7A2E268C13D800F4EEE8 /* Frameworks */,
				FAAA7A2F268C13D800F4EEE8 /* Resources */,
				4089A61730B54739FC2E0DC2 /* [CP] Embed Pods Frameworks */,
			);
			buildRules = (
			);
			dependencies = (
				FAAA7A33268C13D800F4EEE8 /* PBXTargetDependency */,
			);
			name = "Fresh ConnectUITests";
			productName = "Fresh ConnectUITests";
			productReference = FAAA7A31268C13D800F4EEE8 /* Fresh ConnectUITests.xctest */;
			productType = "com.apple.product-type.bundle.ui-testing";
		};
/* End PBXNativeTarget section */

/* Begin PBXProject section */
		FAAA7A05268C13D500F4EEE8 /* Project object */ = {
			isa = PBXProject;
			attributes = {
				LastSwiftUpdateCheck = 1250;
				LastUpgradeCheck = 1250;
				TargetAttributes = {
					FAAA7A0C268C13D500F4EEE8 = {
						CreatedOnToolsVersion = 12.5.1;
						LastSwiftMigration = 1250;
					};
					FAAA7A25268C13D800F4EEE8 = {
						CreatedOnToolsVersion = 12.5.1;
						TestTargetID = FAAA7A0C268C13D500F4EEE8;
					};
					FAAA7A30268C13D800F4EEE8 = {
						CreatedOnToolsVersion = 12.5.1;
						TestTargetID = FAAA7A0C268C13D500F4EEE8;
					};
				};
			};
			buildConfigurationList = FAAA7A08268C13D500F4EEE8 /* Build configuration list for PBXProject "Fresh Connect" */;
			compatibilityVersion = "Xcode 9.3";
			developmentRegion = en;
			hasScannedForEncodings = 0;
			knownRegions = (
				en,
				Base,
			);
			mainGroup = FAAA7A04268C13D500F4EEE8;
			productRefGroup = FAAA7A0E268C13D500F4EEE8 /* Products */;
			projectDirPath = "";
			projectRoot = "";
			targets = (
				FAAA7A0C268C13D500F4EEE8 /* Fresh Connect */,
				FAAA7A25268C13D800F4EEE8 /* Fresh ConnectTests */,
				FAAA7A30268C13D800F4EEE8 /* Fresh ConnectUITests */,
			);
		};
/* End PBXProject section */

/* Begin PBXResourcesBuildPhase section */
		FAAA7A0B268C13D500F4EEE8 /* Resources */ = {
			isa = PBXResourcesBuildPhase;
			buildActionMask = 2147483647;
			files = (
				FA9122EE268C708A004D6E77 /* MeasuringViewController.xib in Resources */,
				FAAA7A20268C13D800F4EEE8 /* LaunchScreen.storyboard in Resources */,
				FAAA7A1D268C13D800F4EEE8 /* Assets.xcassets in Resources */,
				FA9122E5268C6BFC004D6E77 /* ListDevicesTableViewCell.xib in Resources */,
				FAAA7A18268C13D500F4EEE8 /* Main.storyboard in Resources */,
				FA9122D6268C6930004D6E77 /* ListDevicesViewController.xib in Resources */,
				FABA09B7268DA50A00CE318C /* MyDevicesCollectionViewCell.xib in Resources */,
			);
			runOnlyForDeploymentPostprocessing = 0;
		};
		FAAA7A24268C13D800F4EEE8 /* Resources */ = {
			isa = PBXResourcesBuildPhase;
			buildActionMask = 2147483647;
			files = (
			);
			runOnlyForDeploymentPostprocessing = 0;
		};
		FAAA7A2F268C13D800F4EEE8 /* Resources */ = {
			isa = PBXResourcesBuildPhase;
			buildActionMask = 2147483647;
			files = (
			);
			runOnlyForDeploymentPostprocessing = 0;
		};
/* End PBXResourcesBuildPhase section */

/* Begin PBXShellScriptBuildPhase section */
		4089A61730B54739FC2E0DC2 /* [CP] Embed Pods Frameworks */ = {
			isa = PBXShellScriptBuildPhase;
			buildActionMask = 2147483647;
			files = (
			);
			inputFileListPaths = (
				"${PODS_ROOT}/Target Support Files/Pods-Fresh Connect-Fresh ConnectUITests/Pods-Fresh Connect-Fresh ConnectUITests-frameworks-${CONFIGURATION}-input-files.xcfilelist",
			);
			name = "[CP] Embed Pods Frameworks";
			outputFileListPaths = (
				"${PODS_ROOT}/Target Support Files/Pods-Fresh Connect-Fresh ConnectUITests/Pods-Fresh Connect-Fresh ConnectUITests-frameworks-${CONFIGURATION}-output-files.xcfilelist",
			);
			runOnlyForDeploymentPostprocessing = 0;
			shellPath = /bin/sh;
			shellScript = "\"${PODS_ROOT}/Target Support Files/Pods-Fresh Connect-Fresh ConnectUITests/Pods-Fresh Connect-Fresh ConnectUITests-frameworks.sh\"\n";
			showEnvVarsInLog = 0;
		};
		8FB9D3052E23697CB7D0A20C /* [CP] Check Pods Manifest.lock */ = {
			isa = PBXShellScriptBuildPhase;
			buildActionMask = 2147483647;
			files = (
			);
			inputFileListPaths = (
			);
			inputPaths = (
				"${PODS_PODFILE_DIR_PATH}/Podfile.lock",
				"${PODS_ROOT}/Manifest.lock",
			);
			name = "[CP] Check Pods Manifest.lock";
			outputFileListPaths = (
			);
			outputPaths = (
				"$(DERIVED_FILE_DIR)/Pods-Fresh Connect-Fresh ConnectUITests-checkManifestLockResult.txt",
			);
			runOnlyForDeploymentPostprocessing = 0;
			shellPath = /bin/sh;
			shellScript = "diff \"${PODS_PODFILE_DIR_PATH}/Podfile.lock\" \"${PODS_ROOT}/Manifest.lock\" > /dev/null\nif [ $? != 0 ] ; then\n    # print error to STDERR\n    echo \"error: The sandbox is not in sync with the Podfile.lock. Run 'pod install' or update your CocoaPods installation.\" >&2\n    exit 1\nfi\n# This output is used by Xcode 'outputs' to avoid re-running this script phase.\necho \"SUCCESS\" > \"${SCRIPT_OUTPUT_FILE_0}\"\n";
			showEnvVarsInLog = 0;
		};
		93F5FB2DD757A34699FCC4EE /* [CP] Embed Pods Frameworks */ = {
			isa = PBXShellScriptBuildPhase;
			buildActionMask = 2147483647;
			files = (
			);
			inputFileListPaths = (
				"${PODS_ROOT}/Target Support Files/Pods-Fresh Connect/Pods-Fresh Connect-frameworks-${CONFIGURATION}-input-files.xcfilelist",
			);
			name = "[CP] Embed Pods Frameworks";
			outputFileListPaths = (
				"${PODS_ROOT}/Target Support Files/Pods-Fresh Connect/Pods-Fresh Connect-frameworks-${CONFIGURATION}-output-files.xcfilelist",
			);
			runOnlyForDeploymentPostprocessing = 0;
			shellPath = /bin/sh;
			shellScript = "\"${PODS_ROOT}/Target Support Files/Pods-Fresh Connect/Pods-Fresh Connect-frameworks.sh\"\n";
			showEnvVarsInLog = 0;
		};
		AA683176E8D00651AC52A53E /* [CP] Check Pods Manifest.lock */ = {
			isa = PBXShellScriptBuildPhase;
			buildActionMask = 2147483647;
			files = (
			);
			inputFileListPaths = (
			);
			inputPaths = (
				"${PODS_PODFILE_DIR_PATH}/Podfile.lock",
				"${PODS_ROOT}/Manifest.lock",
			);
			name = "[CP] Check Pods Manifest.lock";
			outputFileListPaths = (
			);
			outputPaths = (
				"$(DERIVED_FILE_DIR)/Pods-Fresh Connect-checkManifestLockResult.txt",
			);
			runOnlyForDeploymentPostprocessing = 0;
			shellPath = /bin/sh;
			shellScript = "diff \"${PODS_PODFILE_DIR_PATH}/Podfile.lock\" \"${PODS_ROOT}/Manifest.lock\" > /dev/null\nif [ $? != 0 ] ; then\n    # print error to STDERR\n    echo \"error: The sandbox is not in sync with the Podfile.lock. Run 'pod install' or update your CocoaPods installation.\" >&2\n    exit 1\nfi\n# This output is used by Xcode 'outputs' to avoid re-running this script phase.\necho \"SUCCESS\" > \"${SCRIPT_OUTPUT_FILE_0}\"\n";
			showEnvVarsInLog = 0;
		};
		FDAA509BABE7024220FCC877 /* [CP] Check Pods Manifest.lock */ = {
			isa = PBXShellScriptBuildPhase;
			buildActionMask = 2147483647;
			files = (
			);
			inputFileListPaths = (
			);
			inputPaths = (
				"${PODS_PODFILE_DIR_PATH}/Podfile.lock",
				"${PODS_ROOT}/Manifest.lock",
			);
			name = "[CP] Check Pods Manifest.lock";
			outputFileListPaths = (
			);
			outputPaths = (
				"$(DERIVED_FILE_DIR)/Pods-Fresh ConnectTests-checkManifestLockResult.txt",
			);
			runOnlyForDeploymentPostprocessing = 0;
			shellPath = /bin/sh;
			shellScript = "diff \"${PODS_PODFILE_DIR_PATH}/Podfile.lock\" \"${PODS_ROOT}/Manifest.lock\" > /dev/null\nif [ $? != 0 ] ; then\n    # print error to STDERR\n    echo \"error: The sandbox is not in sync with the Podfile.lock. Run 'pod install' or update your CocoaPods installation.\" >&2\n    exit 1\nfi\n# This output is used by Xcode 'outputs' to avoid re-running this script phase.\necho \"SUCCESS\" > \"${SCRIPT_OUTPUT_FILE_0}\"\n";
			showEnvVarsInLog = 0;
		};
/* End PBXShellScriptBuildPhase section */

/* Begin PBXSourcesBuildPhase section */
		FAAA7A09268C13D500F4EEE8 /* Sources */ = {
			isa = PBXSourcesBuildPhase;
			buildActionMask = 2147483647;
			files = (
				FA9122E0268C6B2A004D6E77 /* BaseTableViewCell.swift in Sources */,
				FA9122D5268C6930004D6E77 /* ListDevicesViewController.swift in Sources */,
				FABA09B6268DA50A00CE318C /* MyDevicesCollectionViewCell.swift in Sources */,
				FA9122E8268C6CF4004D6E77 /* UIViewExtension.swift in Sources */,
				FA9122E1268C6B2A004D6E77 /* BaseCollectionViewCell.swift in Sources */,
				FAC7A5EE268EAAA900075997 /* BaseViewController.swift in Sources */,
				FAAA7A15268C13D500F4EEE8 /* ViewController.swift in Sources */,
				FABA09B0268D95E300CE318C /* MyDeviceModel.swift in Sources */,
				FAC7A5EB268EAA0F00075997 /* Helper.swift in Sources */,
				FAC7A5E9268EA92600075997 /* ExtensionUIColor.swift in Sources */,
				FA9122EA268C6D7A004D6E77 /* DeviceModel.swift in Sources */,
				FA9122ED268C708A004D6E77 /* MeasuringViewController.swift in Sources */,
				FAAA7A11268C13D500F4EEE8 /* AppDelegate.swift in Sources */,
				FABA09AB268D5A7D00CE318C /* StringExtension.swift in Sources */,
				FA9122E4268C6BFC004D6E77 /* ListDevicesTableViewCell.swift in Sources */,
				FABA09B9268DBE7B00CE318C /* ExtensionUIViewController.swift in Sources */,
				FAAA7A45268C289D00F4EEE8 /* MeasuringModel.swift in Sources */,
				FABA09AE268D954000CE318C /* AppInfo.swift in Sources */,
				FA9122D1268C5AF6004D6E77 /* HTBodyfat_NewSDK.m in Sources */,
				FAAA7A13268C13D500F4EEE8 /* SceneDelegate.swift in Sources */,
				FAAA7A1B268C13D500F4EEE8 /* Fresh_Connect.xcdatamodeld in Sources */,
			);
			runOnlyForDeploymentPostprocessing = 0;
		};
		FAAA7A22268C13D800F4EEE8 /* Sources */ = {
			isa = PBXSourcesBuildPhase;
			buildActionMask = 2147483647;
			files = (
				FAAA7A2B268C13D800F4EEE8 /* Fresh_ConnectTests.swift in Sources */,
			);
			runOnlyForDeploymentPostprocessing = 0;
		};
		FAAA7A2D268C13D800F4EEE8 /* Sources */ = {
			isa = PBXSourcesBuildPhase;
			buildActionMask = 2147483647;
			files = (
				FAAA7A36268C13D800F4EEE8 /* Fresh_ConnectUITests.swift in Sources */,
			);
			runOnlyForDeploymentPostprocessing = 0;
		};
/* End PBXSourcesBuildPhase section */

/* Begin PBXTargetDependency section */
		FAAA7A28268C13D800F4EEE8 /* PBXTargetDependency */ = {
			isa = PBXTargetDependency;
			target = FAAA7A0C268C13D500F4EEE8 /* Fresh Connect */;
			targetProxy = FAAA7A27268C13D800F4EEE8 /* PBXContainerItemProxy */;
		};
		FAAA7A33268C13D800F4EEE8 /* PBXTargetDependency */ = {
			isa = PBXTargetDependency;
			target = FAAA7A0C268C13D500F4EEE8 /* Fresh Connect */;
			targetProxy = FAAA7A32268C13D800F4EEE8 /* PBXContainerItemProxy */;
		};
/* End PBXTargetDependency section */

/* Begin PBXVariantGroup section */
		FAAA7A16268C13D500F4EEE8 /* Main.storyboard */ = {
			isa = PBXVariantGroup;
			children = (
				FAAA7A17268C13D500F4EEE8 /* Base */,
			);
			name = Main.storyboard;
			sourceTree = "<group>";
		};
		FAAA7A1E268C13D800F4EEE8 /* LaunchScreen.storyboard */ = {
			isa = PBXVariantGroup;
			children = (
				FAAA7A1F268C13D800F4EEE8 /* Base */,
			);
			name = LaunchScreen.storyboard;
			sourceTree = "<group>";
		};
/* End PBXVariantGroup section */

/* Begin XCBuildConfiguration section */
		FAAA7A38268C13D800F4EEE8 /* Debug */ = {
			isa = XCBuildConfiguration;
			buildSettings = {
				ALWAYS_SEARCH_USER_PATHS = NO;
				CLANG_ANALYZER_NONNULL = YES;
				CLANG_ANALYZER_NUMBER_OBJECT_CONVERSION = YES_AGGRESSIVE;
				CLANG_CXX_LANGUAGE_STANDARD = "gnu++14";
				CLANG_CXX_LIBRARY = "libc++";
				CLANG_ENABLE_MODULES = YES;
				CLANG_ENABLE_OBJC_ARC = YES;
				CLANG_ENABLE_OBJC_WEAK = YES;
				CLANG_WARN_BLOCK_CAPTURE_AUTORELEASING = YES;
				CLANG_WARN_BOOL_CONVERSION = YES;
				CLANG_WARN_COMMA = YES;
				CLANG_WARN_CONSTANT_CONVERSION = YES;
				CLANG_WARN_DEPRECATED_OBJC_IMPLEMENTATIONS = YES;
				CLANG_WARN_DIRECT_OBJC_ISA_USAGE = YES_ERROR;
				CLANG_WARN_DOCUMENTATION_COMMENTS = YES;
				CLANG_WARN_EMPTY_BODY = YES;
				CLANG_WARN_ENUM_CONVERSION = YES;
				CLANG_WARN_INFINITE_RECURSION = YES;
				CLANG_WARN_INT_CONVERSION = YES;
				CLANG_WARN_NON_LITERAL_NULL_CONVERSION = YES;
				CLANG_WARN_OBJC_IMPLICIT_RETAIN_SELF = YES;
				CLANG_WARN_OBJC_LITERAL_CONVERSION = YES;
				CLANG_WARN_OBJC_ROOT_CLASS = YES_ERROR;
				CLANG_WARN_QUOTED_INCLUDE_IN_FRAMEWORK_HEADER = YES;
				CLANG_WARN_RANGE_LOOP_ANALYSIS = YES;
				CLANG_WARN_STRICT_PROTOTYPES = YES;
				CLANG_WARN_SUSPICIOUS_MOVE = YES;
				CLANG_WARN_UNGUARDED_AVAILABILITY = YES_AGGRESSIVE;
				CLANG_WARN_UNREACHABLE_CODE = YES;
				CLANG_WARN__DUPLICATE_METHOD_MATCH = YES;
				COPY_PHASE_STRIP = NO;
				DEBUG_INFORMATION_FORMAT = dwarf;
				ENABLE_STRICT_OBJC_MSGSEND = YES;
				ENABLE_TESTABILITY = YES;
				GCC_C_LANGUAGE_STANDARD = gnu11;
				GCC_DYNAMIC_NO_PIC = NO;
				GCC_NO_COMMON_BLOCKS = YES;
				GCC_OPTIMIZATION_LEVEL = 0;
				GCC_PREPROCESSOR_DEFINITIONS = (
					"DEBUG=1",
					"$(inherited)",
				);
				GCC_WARN_64_TO_32_BIT_CONVERSION = YES;
				GCC_WARN_ABOUT_RETURN_TYPE = YES_ERROR;
				GCC_WARN_UNDECLARED_SELECTOR = YES;
				GCC_WARN_UNINITIALIZED_AUTOS = YES_AGGRESSIVE;
				GCC_WARN_UNUSED_FUNCTION = YES;
				GCC_WARN_UNUSED_VARIABLE = YES;
				IPHONEOS_DEPLOYMENT_TARGET = 14.5;
				MTL_ENABLE_DEBUG_INFO = INCLUDE_SOURCE;
				MTL_FAST_MATH = YES;
				ONLY_ACTIVE_ARCH = YES;
				SDKROOT = iphoneos;
				SWIFT_ACTIVE_COMPILATION_CONDITIONS = DEBUG;
				SWIFT_OPTIMIZATION_LEVEL = "-Onone";
			};
			name = Debug;
		};
		FAAA7A39268C13D800F4EEE8 /* Release */ = {
			isa = XCBuildConfiguration;
			buildSettings = {
				ALWAYS_SEARCH_USER_PATHS = NO;
				CLANG_ANALYZER_NONNULL = YES;
				CLANG_ANALYZER_NUMBER_OBJECT_CONVERSION = YES_AGGRESSIVE;
				CLANG_CXX_LANGUAGE_STANDARD = "gnu++14";
				CLANG_CXX_LIBRARY = "libc++";
				CLANG_ENABLE_MODULES = YES;
				CLANG_ENABLE_OBJC_ARC = YES;
				CLANG_ENABLE_OBJC_WEAK = YES;
				CLANG_WARN_BLOCK_CAPTURE_AUTORELEASING = YES;
				CLANG_WARN_BOOL_CONVERSION = YES;
				CLANG_WARN_COMMA = YES;
				CLANG_WARN_CONSTANT_CONVERSION = YES;
				CLANG_WARN_DEPRECATED_OBJC_IMPLEMENTATIONS = YES;
				CLANG_WARN_DIRECT_OBJC_ISA_USAGE = YES_ERROR;
				CLANG_WARN_DOCUMENTATION_COMMENTS = YES;
				CLANG_WARN_EMPTY_BODY = YES;
				CLANG_WARN_ENUM_CONVERSION = YES;
				CLANG_WARN_INFINITE_RECURSION = YES;
				CLANG_WARN_INT_CONVERSION = YES;
				CLANG_WARN_NON_LITERAL_NULL_CONVERSION = YES;
				CLANG_WARN_OBJC_IMPLICIT_RETAIN_SELF = YES;
				CLANG_WARN_OBJC_LITERAL_CONVERSION = YES;
				CLANG_WARN_OBJC_ROOT_CLASS = YES_ERROR;
				CLANG_WARN_QUOTED_INCLUDE_IN_FRAMEWORK_HEADER = YES;
				CLANG_WARN_RANGE_LOOP_ANALYSIS = YES;
				CLANG_WARN_STRICT_PROTOTYPES = YES;
				CLANG_WARN_SUSPICIOUS_MOVE = YES;
				CLANG_WARN_UNGUARDED_AVAILABILITY = YES_AGGRESSIVE;
				CLANG_WARN_UNREACHABLE_CODE = YES;
				CLANG_WARN__DUPLICATE_METHOD_MATCH = YES;
				COPY_PHASE_STRIP = NO;
				DEBUG_INFORMATION_FORMAT = "dwarf-with-dsym";
				ENABLE_NS_ASSERTIONS = NO;
				ENABLE_STRICT_OBJC_MSGSEND = YES;
				GCC_C_LANGUAGE_STANDARD = gnu11;
				GCC_NO_COMMON_BLOCKS = YES;
				GCC_WARN_64_TO_32_BIT_CONVERSION = YES;
				GCC_WARN_ABOUT_RETURN_TYPE = YES_ERROR;
				GCC_WARN_UNDECLARED_SELECTOR = YES;
				GCC_WARN_UNINITIALIZED_AUTOS = YES_AGGRESSIVE;
				GCC_WARN_UNUSED_FUNCTION = YES;
				GCC_WARN_UNUSED_VARIABLE = YES;
				IPHONEOS_DEPLOYMENT_TARGET = 14.5;
				MTL_ENABLE_DEBUG_INFO = NO;
				MTL_FAST_MATH = YES;
				SDKROOT = iphoneos;
				SWIFT_COMPILATION_MODE = wholemodule;
				SWIFT_OPTIMIZATION_LEVEL = "-O";
				VALIDATE_PRODUCT = YES;
			};
			name = Release;
		};
		FAAA7A3B268C13D900F4EEE8 /* Debug */ = {
			isa = XCBuildConfiguration;
			baseConfigurationReference = A66F7823AC3025C43FB7D1CF /* Pods-Fresh Connect.debug.xcconfig */;
			buildSettings = {
				ASSETCATALOG_COMPILER_APPICON_NAME = AppIcon;
				ASSETCATALOG_COMPILER_GLOBAL_ACCENT_COLOR_NAME = AccentColor;
				CLANG_ENABLE_MODULES = YES;
				CODE_SIGN_STYLE = Automatic;
				DEVELOPMENT_TEAM = 5J6S5KQGVD;
				INFOPLIST_FILE = "Fresh Connect/Info.plist";
				LD_RUNPATH_SEARCH_PATHS = (
					"$(inherited)",
					"@executable_path/Frameworks",
				);
				LIBRARY_SEARCH_PATHS = (
					"$(inherited)",
					"$(PROJECT_DIR)/Fresh\\ Connect/Helper",
				);
				PRODUCT_BUNDLE_IDENTIFIER = "Be-More.Fresh-Connect";
				PRODUCT_NAME = "$(TARGET_NAME)";
				SWIFT_OBJC_BRIDGING_HEADER = "/Users/macbook/Desktop/Fresh Connect/Fresh Connect/Base/Helper/Fresh Connect-Bridging-Header.h";
				"SWIFT_OBJC_BRIDGING_HEADER[arch=*]" = "/Users/macbook/Desktop/Fresh Connect/Fresh Connect/Base/Helper/Fresh Connect-Bridging-Header.h";
				SWIFT_OPTIMIZATION_LEVEL = "-Onone";
				SWIFT_VERSION = 5.0;
				TARGETED_DEVICE_FAMILY = "1,2";
			};
			name = Debug;
		};
		FAAA7A3C268C13D900F4EEE8 /* Release */ = {
			isa = XCBuildConfiguration;
			baseConfigurationReference = 5C1AB9CA03995CD0897B5074 /* Pods-Fresh Connect.release.xcconfig */;
			buildSettings = {
				ASSETCATALOG_COMPILER_APPICON_NAME = AppIcon;
				ASSETCATALOG_COMPILER_GLOBAL_ACCENT_COLOR_NAME = AccentColor;
				CLANG_ENABLE_MODULES = YES;
				CODE_SIGN_STYLE = Automatic;
				DEVELOPMENT_TEAM = 5J6S5KQGVD;
				INFOPLIST_FILE = "Fresh Connect/Info.plist";
				LD_RUNPATH_SEARCH_PATHS = (
					"$(inherited)",
					"@executable_path/Frameworks",
				);
				LIBRARY_SEARCH_PATHS = (
					"$(inherited)",
					"$(PROJECT_DIR)/Fresh\\ Connect/Helper",
				);
				PRODUCT_BUNDLE_IDENTIFIER = "Be-More.Fresh-Connect";
				PRODUCT_NAME = "$(TARGET_NAME)";
				SWIFT_OBJC_BRIDGING_HEADER = "/Users/macbook/Desktop/Fresh Connect/Fresh Connect/Base/Helper/Fresh Connect-Bridging-Header.h";
				"SWIFT_OBJC_BRIDGING_HEADER[arch=*]" = "/Users/macbook/Desktop/Fresh Connect/Fresh Connect/Base/Helper/Fresh Connect-Bridging-Header.h";
				SWIFT_VERSION = 5.0;
				TARGETED_DEVICE_FAMILY = "1,2";
			};
			name = Release;
		};
		FAAA7A3E268C13D900F4EEE8 /* Debug */ = {
			isa = XCBuildConfiguration;
			baseConfigurationReference = 81BA8DBEEF369FBBDEFD51A8 /* Pods-Fresh ConnectTests.debug.xcconfig */;
			buildSettings = {
				ALWAYS_EMBED_SWIFT_STANDARD_LIBRARIES = YES;
				BUNDLE_LOADER = "$(TEST_HOST)";
				CODE_SIGN_STYLE = Automatic;
				DEVELOPMENT_TEAM = 5J6S5KQGVD;
				INFOPLIST_FILE = "Fresh ConnectTests/Info.plist";
				IPHONEOS_DEPLOYMENT_TARGET = 14.5;
				LD_RUNPATH_SEARCH_PATHS = (
					"$(inherited)",
					"@executable_path/Frameworks",
					"@loader_path/Frameworks",
				);
				PRODUCT_BUNDLE_IDENTIFIER = "Be-More.Fresh-ConnectTests";
				PRODUCT_NAME = "$(TARGET_NAME)";
				SWIFT_VERSION = 5.0;
				TARGETED_DEVICE_FAMILY = "1,2";
				TEST_HOST = "$(BUILT_PRODUCTS_DIR)/Fresh Connect.app/Fresh Connect";
			};
			name = Debug;
		};
		FAAA7A3F268C13D900F4EEE8 /* Release */ = {
			isa = XCBuildConfiguration;
			baseConfigurationReference = A4E360BC4541E95C5A34ABB8 /* Pods-Fresh ConnectTests.release.xcconfig */;
			buildSettings = {
				ALWAYS_EMBED_SWIFT_STANDARD_LIBRARIES = YES;
				BUNDLE_LOADER = "$(TEST_HOST)";
				CODE_SIGN_STYLE = Automatic;
				DEVELOPMENT_TEAM = 5J6S5KQGVD;
				INFOPLIST_FILE = "Fresh ConnectTests/Info.plist";
				IPHONEOS_DEPLOYMENT_TARGET = 14.5;
				LD_RUNPATH_SEARCH_PATHS = (
					"$(inherited)",
					"@executable_path/Frameworks",
					"@loader_path/Frameworks",
				);
				PRODUCT_BUNDLE_IDENTIFIER = "Be-More.Fresh-ConnectTests";
				PRODUCT_NAME = "$(TARGET_NAME)";
				SWIFT_VERSION = 5.0;
				TARGETED_DEVICE_FAMILY = "1,2";
				TEST_HOST = "$(BUILT_PRODUCTS_DIR)/Fresh Connect.app/Fresh Connect";
			};
			name = Release;
		};
		FAAA7A41268C13D900F4EEE8 /* Debug */ = {
			isa = XCBuildConfiguration;
			baseConfigurationReference = 6E03D5278B76D2711C6F21B5 /* Pods-Fresh Connect-Fresh ConnectUITests.debug.xcconfig */;
			buildSettings = {
				ALWAYS_EMBED_SWIFT_STANDARD_LIBRARIES = YES;
				CODE_SIGN_STYLE = Automatic;
				DEVELOPMENT_TEAM = 5J6S5KQGVD;
				INFOPLIST_FILE = "Fresh ConnectUITests/Info.plist";
				LD_RUNPATH_SEARCH_PATHS = (
					"$(inherited)",
					"@executable_path/Frameworks",
					"@loader_path/Frameworks",
				);
				PRODUCT_BUNDLE_IDENTIFIER = "Be-More.Fresh-ConnectUITests";
				PRODUCT_NAME = "$(TARGET_NAME)";
				SWIFT_VERSION = 5.0;
				TARGETED_DEVICE_FAMILY = "1,2";
				TEST_TARGET_NAME = "Fresh Connect";
			};
			name = Debug;
		};
		FAAA7A42268C13D900F4EEE8 /* Release */ = {
			isa = XCBuildConfiguration;
			baseConfigurationReference = B75BD9312BB0C3D21CC704A7 /* Pods-Fresh Connect-Fresh ConnectUITests.release.xcconfig */;
			buildSettings = {
				ALWAYS_EMBED_SWIFT_STANDARD_LIBRARIES = YES;
				CODE_SIGN_STYLE = Automatic;
				DEVELOPMENT_TEAM = 5J6S5KQGVD;
				INFOPLIST_FILE = "Fresh ConnectUITests/Info.plist";
				LD_RUNPATH_SEARCH_PATHS = (
					"$(inherited)",
					"@executable_path/Frameworks",
					"@loader_path/Frameworks",
				);
				PRODUCT_BUNDLE_IDENTIFIER = "Be-More.Fresh-ConnectUITests";
				PRODUCT_NAME = "$(TARGET_NAME)";
				SWIFT_VERSION = 5.0;
				TARGETED_DEVICE_FAMILY = "1,2";
				TEST_TARGET_NAME = "Fresh Connect";
			};
			name = Release;
		};
/* End XCBuildConfiguration section */

/* Begin XCConfigurationList section */
		FAAA7A08268C13D500F4EEE8 /* Build configuration list for PBXProject "Fresh Connect" */ = {
			isa = XCConfigurationList;
			buildConfigurations = (
				FAAA7A38268C13D800F4EEE8 /* Debug */,
				FAAA7A39268C13D800F4EEE8 /* Release */,
			);
			defaultConfigurationIsVisible = 0;
			defaultConfigurationName = Release;
		};
		FAAA7A3A268C13D900F4EEE8 /* Build configuration list for PBXNativeTarget "Fresh Connect" */ = {
			isa = XCConfigurationList;
			buildConfigurations = (
				FAAA7A3B268C13D900F4EEE8 /* Debug */,
				FAAA7A3C268C13D900F4EEE8 /* Release */,
			);
			defaultConfigurationIsVisible = 0;
			defaultConfigurationName = Release;
		};
		FAAA7A3D268C13D900F4EEE8 /* Build configuration list for PBXNativeTarget "Fresh ConnectTests" */ = {
			isa = XCConfigurationList;
			buildConfigurations = (
				FAAA7A3E268C13D900F4EEE8 /* Debug */,
				FAAA7A3F268C13D900F4EEE8 /* Release */,
			);
			defaultConfigurationIsVisible = 0;
			defaultConfigurationName = Release;
		};
		FAAA7A40268C13D900F4EEE8 /* Build configuration list for PBXNativeTarget "Fresh ConnectUITests" */ = {
			isa = XCConfigurationList;
			buildConfigurations = (
				FAAA7A41268C13D900F4EEE8 /* Debug */,
				FAAA7A42268C13D900F4EEE8 /* Release */,
			);
			defaultConfigurationIsVisible = 0;
			defaultConfigurationName = Release;
		};
/* End XCConfigurationList section */

/* Begin XCVersionGroup section */
		FAAA7A19268C13D500F4EEE8 /* Fresh_Connect.xcdatamodeld */ = {
			isa = XCVersionGroup;
			children = (
				FAAA7A1A268C13D500F4EEE8 /* Fresh_Connect.xcdatamodel */,
			);
			currentVersion = FAAA7A1A268C13D500F4EEE8 /* Fresh_Connect.xcdatamodel */;
			path = Fresh_Connect.xcdatamodeld;
			sourceTree = "<group>";
			versionGroupType = wrapper.xcdatamodel;
		};
/* End XCVersionGroup section */
	};
	rootObject = FAAA7A05268C13D500F4EEE8 /* Project object */;
}
